
Microsoft Visual Studio Solution File, Format Version 12.00
# Visual Studio 15
VisualStudioVersion = 15.0.27130.2010
MinimumVisualStudioVersion = 10.0.40219.1
Project("{8BC9CEB8-8B4A-11D0-8D11-00A0C91BC942}") = "template", "template\template.vcxproj", "{548651DA-9DA0-4830-98B8-E572FB4F1540}"
EndProject
Global
	GlobalSection(SolutionConfigurationPlatforms) = preSolution
		Debug|x64 = Debug|x64
		Debug|x86 = Debug|x86
		Release|x64 = Release|x64
		Release|x86 = Release|x86
	EndGlobalSection
	GlobalSection(ProjectConfigurationPlatforms) = postSolution
		{548651DA-9DA0-4830-98B8-E572FB4F1540}.Debug|x64.ActiveCfg = Debug|x64
		{548651DA-9DA0-4830-98B8-E572FB4F1540}.Debug|x64.Build.0 = Debug|x64
		{548651DA-9DA0-4830-98B8-E572FB4F1540}.Debug|x86.ActiveCfg = Debug|Win32
		{548651DA-9DA0-4830-98B8-E572FB4F1540}.Debug|x86.Build.0 = Debug|Win32
		{548651DA-9DA0-4830-98B8-E572FB4F1540}.Release|x64.ActiveCfg = Release|x64
		{548651DA-9DA0-4830-98B8-E572FB4F1540}.Release|x64.Build.0 = Release|x64
		{548651DA-9DA0-4830-98B8-E572FB4F1540}.Release|x86.ActiveCfg = Release|Win32
		{548651DA-9DA0-4830-98B8-E572FB4F1540}.Release|x86.Build.0 = Release|Win32
	EndGlobalSection
	GlobalSection(SolutionProperties) = preSolution
		HideSolutionNode = FALSE
	EndGlobalSection
	GlobalSection(ExtensibilityGlobals) = postSolution
		SolutionGuid = {0306AE8C-8F5D-4F82-AF40-FDB664DC5F13}
	EndGlobalSection
EndGlobal
